
Microsoft Visual Studio Solution File, Format Version 12.00
# Visual Studio Version 17
VisualStudioVersion = 17.9.34407.89
MinimumVisualStudioVersion = 10.0.40219.1
Project("{FAE04EC0-301F-11D3-BF4B-00C04F79EFBC}") = "AuthApp", "AuthApp\AuthApp.csproj", "{7496A1B9-BDEF-47FA-9E06-3AFC219096DD}"
EndProject
Global
	GlobalSection(SolutionConfigurationPlatforms) = preSolution
		Debug|Any CPU = Debug|Any CPU
		Release|Any CPU = Release|Any CPU
	EndGlobalSection
	GlobalSection(ProjectConfigurationPlatforms) = postSolution
		{7496A1B9-BDEF-47FA-9E06-3AFC219096DD}.Debug|Any CPU.ActiveCfg = Debug|Any CPU
		{7496A1B9-BDEF-47FA-9E06-3AFC219096DD}.Debug|Any CPU.Build.0 = Debug|Any CPU
		{7496A1B9-BDEF-47FA-9E06-3AFC219096DD}.Release|Any CPU.ActiveCfg = Release|Any CPU
		{7496A1B9-BDEF-47FA-9E06-3AFC219096DD}.Release|Any CPU.Build.0 = Release|Any CPU
	EndGlobalSection
	GlobalSection(SolutionProperties) = preSolution
		HideSolutionNode = FALSE
	EndGlobalSection
	GlobalSection(ExtensibilityGlobals) = postSolution
		SolutionGuid = {1EB4B78D-C661-40C8-90F4-93231EB6ACB7}
	EndGlobalSection
EndGlobal
